<?xml version="1.0" encoding="utf-8"?>
<Project ToolsVersion="4.0" xmlns="http://schemas.microsoft.com/developer/msbuild/2003">
  <ItemGroup>
    <ClCompile Include="..\..\Source\Main.cpp" />
    <ClCompile Include="..\..\Source\GPUInterface.cpp">
      <Filter>GPU</Filter>
    </ClCompile>
    <ClCompile Include="..\..\Source\GPU_DX12\GPU_DX12.cpp">
      <Filter>GPU\DX12</Filter>
    </ClCompile>
    <ClCompile Include="..\..\Source\GPU_DX11\GPU_DX11.cpp">
      <Filter>GPU\DX11</Filter>
    </ClCompile>
    <ClCompile Include="..\..\Source\GPU_DX12\DX12Utils.cpp">
      <Filter>GPU\DX12</Filter>
    </ClCompile>
    <ClCompile Include="..\..\Source\GPU_DX11\DX11Utils.cpp">
      <Filter>GPU\DX11</Filter>
    </ClCompile>
    <ClCompile Include="..\..\Source\GPU_DXShared\DXSharedUtils.cpp">
      <Filter>GPU\DXShared</Filter>
    </ClCompile>
    <ClCompile Include="..\..\External\imgui\imgui.cpp" />
    <ClCompile Include="..\..\External\imgui\imgui_demo.cpp" />
    <ClCompile Include="..\..\External\imgui\imgui_draw.cpp" />
    <ClCompile Include="..\..\Source\MathImpl.cpp">
      <Filter>Math</Filter>
    </ClCompile>
    <ClCompile Include="..\..\Source\CoreMath.cpp">
      <Filter>Math</Filter>
    </ClCompile>
    <ClCompile Include="..\..\Source\CubePrimitive.cpp" />
  </ItemGroup>
  <ItemGroup>
    <Filter Include="imgui">
      <UniqueIdentifier>{a2695f27-2b7c-4aac-a0f7-4ebdd64fa611}</UniqueIdentifier>
    </Filter>
    <Filter Include="GPU">
      <UniqueIdentifier>{15dd3108-11f7-4a5d-b77c-7e04b47ac0fc}</UniqueIdentifier>
    </Filter>
    <Filter Include="GPU\DX12">
      <UniqueIdentifier>{cfce8443-b6b9-4807-8c5d-cc57897c1a9c}</UniqueIdentifier>
    </Filter>
    <Filter Include="Shaders_DX12">
      <UniqueIdentifier>{608186c7-272f-45df-8c05-7a8363bd5d69}</UniqueIdentifier>
    </Filter>
    <Filter Include="GPU\DX11">
      <UniqueIdentifier>{03e3d2c5-1816-40b6-bbb5-55b2274bce18}</UniqueIdentifier>
    </Filter>
    <Filter Include="GPU\DXShared">
      <UniqueIdentifier>{63b4fb84-776c-469a-8ede-48f3a8bd83ca}</UniqueIdentifier>
    </Filter>
    <Filter Include="Math">
      <UniqueIdentifier>{043ebf2e-bec0-4c27-a72a-35af01c9c3d1}</UniqueIdentifier>
    </Filter>
  </ItemGroup>
  <ItemGroup>
    <ClInclude Include="..\..\Source\GPU_DX12\Fence.h">
      <Filter>GPU\DX12</Filter>
    </ClInclude>
    <ClInclude Include="..\..\Source\GPUInterface.h">
      <Filter>GPU</Filter>
    </ClInclude>
    <ClInclude Include="..\..\Source\GPU_DX11\GPU_DX11.h">
      <Filter>GPU\DX11</Filter>
    </ClInclude>
    <ClInclude Include="..\..\Source\GPU_DX12\GPU_DX12.h">
      <Filter>GPU\DX12</Filter>
    </ClInclude>
    <ClInclude Include="..\..\Source\GPU_DXShared\DXSharedUtils.h">
      <Filter>GPU\DXShared</Filter>
    </ClInclude>
    <ClInclude Include="..\..\Source\GPU_DX12\DX12Utils.h">
      <Filter>GPU\DX12</Filter>
    </ClInclude>
    <ClInclude Include="..\..\Source\GPU_DX11\DX11Utils.h">
      <Filter>GPU\DX11</Filter>
    </ClInclude>
    <ClInclude Include="..\..\External\imgui\imconfig.h" />
    <ClInclude Include="..\..\External\imgui\imgui.h" />
    <ClInclude Include="..\..\External\imgui\imgui_internal.h" />
    <ClInclude Include="..\..\External\imgui\stb_rect_pack.h" />
    <ClInclude Include="..\..\External\imgui\stb_textedit.h" />
    <ClInclude Include="..\..\External\imgui\stb_truetype.h" />
    <ClInclude Include="..\..\Source\Vectors.h">
      <Filter>Math</Filter>
    </ClInclude>
    <ClInclude Include="..\..\Source\TransformMatrices.h">
      <Filter>Math</Filter>
    </ClInclude>
    <ClInclude Include="..\..\Source\Rect.h">
      <Filter>Math</Filter>
    </ClInclude>
    <ClInclude Include="..\..\Source\CoreMath.h">
      <Filter>Math</Filter>
    </ClInclude>
    <ClInclude Include="..\..\Source\CubePrimitive.h" />
    <ClInclude Include="..\..\Source\Quaternion.h">
      <Filter>Math</Filter>
    </ClInclude>
  </ItemGroup>
  <ItemGroup>
    <None Include="..\..\Shaders\basic_shader.hlsl">
      <Filter>Shaders_DX12</Filter>
    </None>
    <None Include="..\..\Shaders\imgui.hlsl">
      <Filter>Shaders_DX12</Filter>
    </None>
  </ItemGroup>
  <ItemGroup>
    <FxCompile Include="..\..\Shaders\grid_shader.hlsl">
      <Filter>Shaders_DX12</Filter>
    </FxCompile>
  </ItemGroup>
</Project>