
Microsoft Visual Studio Solution File, Format Version 12.00
# Visual Studio 15
VisualStudioVersion = 15.0.26730.12
MinimumVisualStudioVersion = 10.0.40219.1
Project("{8BC9CEB8-8B4A-11D0-8D11-00A0C91BC942}") = "muteki", "muteki\muteki.vcxproj", "{2AA74EF1-943E-4574-9E69-4F75DBACF3AD}"
	ProjectSection(ProjectDependencies) = postProject
		{C034248A-5C76-4FEE-B1B7-8FAEF0DCF217} = {C034248A-5C76-4FEE-B1B7-8FAEF0DCF217}
	EndProjectSection
EndProject
Project("{8BC9CEB8-8B4A-11D0-8D11-00A0C91BC942}") = "mu-core", "..\Submodules\mu-core\Build_VS\mu-core\mu-core.vcxproj", "{C034248A-5C76-4FEE-B1B7-8FAEF0DCF217}"
EndProject
Project("{8BC9CEB8-8B4A-11D0-8D11-00A0C91BC942}") = "muteki-tests", "muteki-tests\muteki-tests.vcxproj", "{FB9D420D-9AEF-4483-B6FB-051E6FD3BA89}"
	ProjectSection(ProjectDependencies) = postProject
		{C034248A-5C76-4FEE-B1B7-8FAEF0DCF217} = {C034248A-5C76-4FEE-B1B7-8FAEF0DCF217}
	EndProjectSection
EndProject
Project("{8BC9CEB8-8B4A-11D0-8D11-00A0C91BC942}") = "muteki-benchmark", "muteki-benchmark\muteki-benchmark.vcxproj", "{5E5B2F36-CB1F-4085-AB6E-C8171B8D8C0A}"
	ProjectSection(ProjectDependencies) = postProject
		{C034248A-5C76-4FEE-B1B7-8FAEF0DCF217} = {C034248A-5C76-4FEE-B1B7-8FAEF0DCF217}
	EndProjectSection
EndProject
Global
	GlobalSection(SharedMSBuildProjectFiles) = preSolution
		..\Submodules\mu-core\Build_VS\mu-core\mu-core.vcxitems*{2aa74ef1-943e-4574-9e69-4f75dbacf3ad}*SharedItemsImports = 4
	EndGlobalSection
	GlobalSection(SolutionConfigurationPlatforms) = preSolution
		Debug|x64 = Debug|x64
		Debug|x86 = Debug|x86
		Dev|x64 = Dev|x64
		Dev|x86 = Dev|x86
		Release|x64 = Release|x64
		Release|x86 = Release|x86
	EndGlobalSection
	GlobalSection(ProjectConfigurationPlatforms) = postSolution
		{2AA74EF1-943E-4574-9E69-4F75DBACF3AD}.Debug|x64.ActiveCfg = Debug|x64
		{2AA74EF1-943E-4574-9E69-4F75DBACF3AD}.Debug|x64.Build.0 = Debug|x64
		{2AA74EF1-943E-4574-9E69-4F75DBACF3AD}.Debug|x86.ActiveCfg = Debug|Win32
		{2AA74EF1-943E-4574-9E69-4F75DBACF3AD}.Debug|x86.Build.0 = Debug|Win32
		{2AA74EF1-943E-4574-9E69-4F75DBACF3AD}.Dev|x64.ActiveCfg = Dev|x64
		{2AA74EF1-943E-4574-9E69-4F75DBACF3AD}.Dev|x64.Build.0 = Dev|x64
		{2AA74EF1-943E-4574-9E69-4F75DBACF3AD}.Dev|x86.ActiveCfg = Dev|Win32
		{2AA74EF1-943E-4574-9E69-4F75DBACF3AD}.Dev|x86.Build.0 = Dev|Win32
		{2AA74EF1-943E-4574-9E69-4F75DBACF3AD}.Release|x64.ActiveCfg = Release|x64
		{2AA74EF1-943E-4574-9E69-4F75DBACF3AD}.Release|x64.Build.0 = Release|x64
		{2AA74EF1-943E-4574-9E69-4F75DBACF3AD}.Release|x86.ActiveCfg = Release|Win32
		{2AA74EF1-943E-4574-9E69-4F75DBACF3AD}.Release|x86.Build.0 = Release|Win32
		{C034248A-5C76-4FEE-B1B7-8FAEF0DCF217}.Debug|x64.ActiveCfg = Debug|x64
		{C034248A-5C76-4FEE-B1B7-8FAEF0DCF217}.Debug|x64.Build.0 = Debug|x64
		{C034248A-5C76-4FEE-B1B7-8FAEF0DCF217}.Debug|x86.ActiveCfg = Debug|Win32
		{C034248A-5C76-4FEE-B1B7-8FAEF0DCF217}.Debug|x86.Build.0 = Debug|Win32
		{C034248A-5C76-4FEE-B1B7-8FAEF0DCF217}.Dev|x64.ActiveCfg = Dev|x64
		{C034248A-5C76-4FEE-B1B7-8FAEF0DCF217}.Dev|x64.Build.0 = Dev|x64
		{C034248A-5C76-4FEE-B1B7-8FAEF0DCF217}.Dev|x86.ActiveCfg = Debug|Win32
		{C034248A-5C76-4FEE-B1B7-8FAEF0DCF217}.Dev|x86.Build.0 = Debug|Win32
		{C034248A-5C76-4FEE-B1B7-8FAEF0DCF217}.Release|x64.ActiveCfg = Release|x64
		{C034248A-5C76-4FEE-B1B7-8FAEF0DCF217}.Release|x64.Build.0 = Release|x64
		{C034248A-5C76-4FEE-B1B7-8FAEF0DCF217}.Release|x86.ActiveCfg = Release|Win32
		{C034248A-5C76-4FEE-B1B7-8FAEF0DCF217}.Release|x86.Build.0 = Release|Win32
		{FB9D420D-9AEF-4483-B6FB-051E6FD3BA89}.Debug|x64.ActiveCfg = Debug|x64
		{FB9D420D-9AEF-4483-B6FB-051E6FD3BA89}.Debug|x64.Build.0 = Debug|x64
		{FB9D420D-9AEF-4483-B6FB-051E6FD3BA89}.Debug|x86.ActiveCfg = Debug|Win32
		{FB9D420D-9AEF-4483-B6FB-051E6FD3BA89}.Debug|x86.Build.0 = Debug|Win32
		{FB9D420D-9AEF-4483-B6FB-051E6FD3BA89}.Dev|x64.ActiveCfg = Dev|x64
		{FB9D420D-9AEF-4483-B6FB-051E6FD3BA89}.Dev|x64.Build.0 = Dev|x64
		{FB9D420D-9AEF-4483-B6FB-051E6FD3BA89}.Dev|x86.ActiveCfg = Debug|Win32
		{FB9D420D-9AEF-4483-B6FB-051E6FD3BA89}.Dev|x86.Build.0 = Debug|Win32
		{FB9D420D-9AEF-4483-B6FB-051E6FD3BA89}.Release|x64.ActiveCfg = Release|x64
		{FB9D420D-9AEF-4483-B6FB-051E6FD3BA89}.Release|x64.Build.0 = Release|x64
		{FB9D420D-9AEF-4483-B6FB-051E6FD3BA89}.Release|x86.ActiveCfg = Release|Win32
		{FB9D420D-9AEF-4483-B6FB-051E6FD3BA89}.Release|x86.Build.0 = Release|Win32
		{5E5B2F36-CB1F-4085-AB6E-C8171B8D8C0A}.Debug|x64.ActiveCfg = Debug|x64
		{5E5B2F36-CB1F-4085-AB6E-C8171B8D8C0A}.Debug|x64.Build.0 = Debug|x64
		{5E5B2F36-CB1F-4085-AB6E-C8171B8D8C0A}.Debug|x86.ActiveCfg = Debug|Win32
		{5E5B2F36-CB1F-4085-AB6E-C8171B8D8C0A}.Debug|x86.Build.0 = Debug|Win32
		{5E5B2F36-CB1F-4085-AB6E-C8171B8D8C0A}.Dev|x64.ActiveCfg = Dev|x64
		{5E5B2F36-CB1F-4085-AB6E-C8171B8D8C0A}.Dev|x64.Build.0 = Dev|x64
		{5E5B2F36-CB1F-4085-AB6E-C8171B8D8C0A}.Dev|x86.ActiveCfg = Dev|Win32
		{5E5B2F36-CB1F-4085-AB6E-C8171B8D8C0A}.Dev|x86.Build.0 = Dev|Win32
		{5E5B2F36-CB1F-4085-AB6E-C8171B8D8C0A}.Release|x64.ActiveCfg = Release|x64
		{5E5B2F36-CB1F-4085-AB6E-C8171B8D8C0A}.Release|x64.Build.0 = Release|x64
		{5E5B2F36-CB1F-4085-AB6E-C8171B8D8C0A}.Release|x86.ActiveCfg = Release|Win32
		{5E5B2F36-CB1F-4085-AB6E-C8171B8D8C0A}.Release|x86.Build.0 = Release|Win32
	EndGlobalSection
	GlobalSection(SolutionProperties) = preSolution
		HideSolutionNode = FALSE
	EndGlobalSection
	GlobalSection(ExtensibilityGlobals) = postSolution
		SolutionGuid = {4C8372A7-4F0A-44C6-8E72-D1D4E02ED38B}
	EndGlobalSection
EndGlobal
